
Microsoft Visual Studio Solution File, Format Version 12.00
# Visual Studio Version 17
VisualStudioVersion = 17.11.35312.102
MinimumVisualStudioVersion = 10.0.40219.1
Project("{FAE04EC0-301F-11D3-BF4B-00C04F79EFBC}") = "420DA3_Final_Formatif", "420DA3_Final_Formatif.csproj", "{C11CA543-24DE-4886-8464-7FDA5A86B647}"
EndProject
Global
	GlobalSection(SolutionConfigurationPlatforms) = preSolution
		Debug|Any CPU = Debug|Any CPU
		Release|Any CPU = Release|Any CPU
	EndGlobalSection
	GlobalSection(ProjectConfigurationPlatforms) = postSolution
		{C11CA543-24DE-4886-8464-7FDA5A86B647}.Debug|Any CPU.ActiveCfg = Debug|Any CPU
		{C11CA543-24DE-4886-8464-7FDA5A86B647}.Debug|Any CPU.Build.0 = Debug|Any CPU
		{C11CA543-24DE-4886-8464-7FDA5A86B647}.Release|Any CPU.ActiveCfg = Release|Any CPU
		{C11CA543-24DE-4886-8464-7FDA5A86B647}.Release|Any CPU.Build.0 = Release|Any CPU
	EndGlobalSection
	GlobalSection(SolutionProperties) = preSolution
		HideSolutionNode = FALSE
	EndGlobalSection
	GlobalSection(ExtensibilityGlobals) = postSolution
		SolutionGuid = {383C43B1-9E6F-4B86-98B4-E5E7432C1AD7}
	EndGlobalSection
EndGlobal
